
Microsoft Visual Studio Solution File, Format Version 12.00
# Visual Studio Version 17
VisualStudioVersion = 17.7.34202.233
MinimumVisualStudioVersion = 10.0.40219.1
Project("{FAE04EC0-301F-11D3-BF4B-00C04F79EFBC}") = "Planting Partner", "Planting Partner\Planting Partner.csproj", "{BA5EB010-F5D8-4939-BCCE-9E0F8BD2AC16}"
EndProject
Global
	GlobalSection(SolutionConfigurationPlatforms) = preSolution
		Debug|Any CPU = Debug|Any CPU
		Release|Any CPU = Release|Any CPU
	EndGlobalSection
	GlobalSection(ProjectConfigurationPlatforms) = postSolution
		{BA5EB010-F5D8-4939-BCCE-9E0F8BD2AC16}.Debug|Any CPU.ActiveCfg = Debug|Any CPU
		{BA5EB010-F5D8-4939-BCCE-9E0F8BD2AC16}.Debug|Any CPU.Build.0 = Debug|Any CPU
		{BA5EB010-F5D8-4939-BCCE-9E0F8BD2AC16}.Debug|Any CPU.Deploy.0 = Debug|Any CPU
		{BA5EB010-F5D8-4939-BCCE-9E0F8BD2AC16}.Release|Any CPU.ActiveCfg = Release|Any CPU
		{BA5EB010-F5D8-4939-BCCE-9E0F8BD2AC16}.Release|Any CPU.Build.0 = Release|Any CPU
		{BA5EB010-F5D8-4939-BCCE-9E0F8BD2AC16}.Release|Any CPU.Deploy.0 = Release|Any CPU
	EndGlobalSection
	GlobalSection(SolutionProperties) = preSolution
		HideSolutionNode = FALSE
	EndGlobalSection
	GlobalSection(ExtensibilityGlobals) = postSolution
		SolutionGuid = {751B8D76-5C22-43E3-AF87-1D88FB086518}
	EndGlobalSection
EndGlobal
